
Microsoft Visual Studio Solution File, Format Version 12.00
# Visual Studio Version 16
VisualStudioVersion = 16.0.29102.190
MinimumVisualStudioVersion = 10.0.40219.1
Project("{9A19103F-16F7-4668-BE54-9A1E7A4F7556}") = "HavenLau.Consul.Server", "HavenLau.MicroServices\HavenLau.Consul.Server.csproj", "{0F5A21C5-439D-41A7-9843-EEA9F5992BDF}"
EndProject
Project("{2150E333-8FDC-42A3-9474-1A3956D46DE8}") = "Consul", "Consul", "{806436F3-CA86-4881-98BD-3BB2EAF590F7}"
EndProject
Project("{9A19103F-16F7-4668-BE54-9A1E7A4F7556}") = "HavenLau.Consul.Client", "HavenLau.Consul.Client\HavenLau.Consul.Client.csproj", "{233CF12E-BC08-4814-AC15-8CB233EF229F}"
EndProject
Project("{2150E333-8FDC-42A3-9474-1A3956D46DE8}") = "MQ", "MQ", "{C054FEA2-D2C3-4A61-9DD5-977E03CC67F2}"
	ProjectSection(SolutionItems) = preProject
		MQ\README.md = MQ\README.md
	EndProjectSection
EndProject
Project("{9A19103F-16F7-4668-BE54-9A1E7A4F7556}") = "Worker", "MQ\Worker\Worker.csproj", "{F89AC283-A05D-44FE-B8A3-C4D693A5E47F}"
EndProject
Project("{9A19103F-16F7-4668-BE54-9A1E7A4F7556}") = "EmitLog", "MQ\EmitLog\EmitLog.csproj", "{93297145-DB36-480A-916B-6B1CDFB6F9D8}"
EndProject
Project("{9A19103F-16F7-4668-BE54-9A1E7A4F7556}") = "EmitLogDirect", "MQ\EmitLogDirect\EmitLogDirect.csproj", "{EEF1DCC2-507B-42CB-BF4D-B146A91B2A73}"
EndProject
Project("{9A19103F-16F7-4668-BE54-9A1E7A4F7556}") = "EmitLogTopic", "MQ\EmitLogTopic\EmitLogTopic.csproj", "{CF3C9805-8328-4C1F-98DD-62E47279A0F8}"
EndProject
Project("{9A19103F-16F7-4668-BE54-9A1E7A4F7556}") = "NewTask", "MQ\NewTask\NewTask.csproj", "{F806B149-E37A-43FD-9616-5BAA29850D12}"
EndProject
Project("{9A19103F-16F7-4668-BE54-9A1E7A4F7556}") = "Receive", "MQ\Receive\Receive.csproj", "{E9EFD480-7282-40EA-9A5F-29D3A33CEBB9}"
EndProject
Project("{9A19103F-16F7-4668-BE54-9A1E7A4F7556}") = "ReceiveLogs", "MQ\ReceiveLogs\ReceiveLogs.csproj", "{B00D6A7C-8D56-4C6F-BBF4-465925D6056B}"
EndProject
Project("{9A19103F-16F7-4668-BE54-9A1E7A4F7556}") = "ReceiveLogsDirect", "MQ\ReceiveLogsDirect\ReceiveLogsDirect.csproj", "{07607F5E-24A5-4DE5-847F-62C3FC4B7762}"
EndProject
Project("{9A19103F-16F7-4668-BE54-9A1E7A4F7556}") = "ReceiveLogsTopic", "MQ\ReceiveLogsTopic\ReceiveLogsTopic.csproj", "{B4A608C2-3784-48CE-8B9C-4C036202758A}"
EndProject
Project("{9A19103F-16F7-4668-BE54-9A1E7A4F7556}") = "RPCClient", "MQ\RPCClient\RPCClient.csproj", "{41A0EEA0-E9F6-4A29-8F60-3A09C1BE34DD}"
EndProject
Project("{9A19103F-16F7-4668-BE54-9A1E7A4F7556}") = "RPCServer", "MQ\RPCServer\RPCServer.csproj", "{67F438B1-4ECA-4EB8-BAE3-E8B65B5D78E3}"
EndProject
Project("{9A19103F-16F7-4668-BE54-9A1E7A4F7556}") = "Send", "MQ\Send\Send.csproj", "{4DBEC75D-6470-4296-8EEC-AC5F2CB9535D}"
EndProject
Project("{9A19103F-16F7-4668-BE54-9A1E7A4F7556}") = "MQ.Base", "MQ\MessageQueue.Base\MQ.Base.csproj", "{576D04B0-E2F3-4FC4-A4C4-6428888649BA}"
EndProject
Project("{9A19103F-16F7-4668-BE54-9A1E7A4F7556}") = "MQ.Models", "MQ\MessageQueue.Models\MQ.Models.csproj", "{73064A49-EBCB-4506-96AD-DAF40157F225}"
EndProject
Project("{9A19103F-16F7-4668-BE54-9A1E7A4F7556}") = "MQ.Interfaces", "MessageQueue.Interfaces\MQ.Interfaces.csproj", "{69465B71-1B29-42F2-BD0C-9549D5569CFD}"
EndProject
Project("{9A19103F-16F7-4668-BE54-9A1E7A4F7556}") = "MQ.Client", "MQ\MQ.Client\MQ.Client.csproj", "{325AC0DC-B189-4299-982B-FE2A99B85BBC}"
EndProject
Project("{2150E333-8FDC-42A3-9474-1A3956D46DE8}") = "CAP", "CAP", "{82702F31-E48E-4064-8C1D-C96FD3053BB5}"
EndProject
Project("{9A19103F-16F7-4668-BE54-9A1E7A4F7556}") = "CAPDemo", "CAP\CAPDemo\CAPDemo.csproj", "{0BB8972E-8F6A-4E94-B0C6-464A90E7436B}"
EndProject
Project("{9A19103F-16F7-4668-BE54-9A1E7A4F7556}") = "CAPConsoleDemo", "CAP\CAPConsoleDemo\CAPConsoleDemo.csproj", "{75C06D37-2F9D-47D6-B75A-31B124C99840}"
EndProject
Project("{9A19103F-16F7-4668-BE54-9A1E7A4F7556}") = "CAPConsoleSubscribeDemo", "CAP\CAPConsoleSubscribeDemo\CAPConsoleSubscribeDemo.csproj", "{EAFBC7B8-3738-4E16-9491-DB95BFB8A6A9}"
EndProject
Project("{9A19103F-16F7-4668-BE54-9A1E7A4F7556}") = "MQ.Messages", "MQ\MQ.Messages\MQ.Messages.csproj", "{58F3D25A-6C50-4A01-A704-06024AAF410F}"
EndProject
Project("{9A19103F-16F7-4668-BE54-9A1E7A4F7556}") = "MQ.Subscriber", "MQ\MQ.Subscriber\MQ.Subscriber.csproj", "{DA119184-DEA5-426D-906C-9B9F4195B8EA}"
EndProject
Project("{9A19103F-16F7-4668-BE54-9A1E7A4F7556}") = "CAPConsumer", "CAP\CAPConsumer\CAPConsumer.csproj", "{91B9A804-2094-4983-8C1B-7513B8199533}"
EndProject
Project("{9A19103F-16F7-4668-BE54-9A1E7A4F7556}") = "CAP.Publisher", "CAP\CAP.Publisher\CAP.Publisher.csproj", "{19BFBD4B-E964-489C-AB87-D97C1383520C}"
EndProject
Project("{9A19103F-16F7-4668-BE54-9A1E7A4F7556}") = "CAP.Consumer", "CAP\CAP.Consumer\CAP.Consumer.csproj", "{6A5E0F35-19CC-44B6-BA58-1335ACF9B284}"
EndProject
Project("{2150E333-8FDC-42A3-9474-1A3956D46DE8}") = "EFCore", "EFCore", "{2C011BDC-AF9F-4A0D-BB4B-3374B69637DA}"
EndProject
Project("{9A19103F-16F7-4668-BE54-9A1E7A4F7556}") = "EFCoreDemo", "EFCore\EFCoreDemo\EFCoreDemo.csproj", "{5FBD69D3-8301-4DC1-9FF9-B2DB83ED3963}"
EndProject
Project("{2150E333-8FDC-42A3-9474-1A3956D46DE8}") = "Blazor", "Blazor", "{E246ACAF-0863-489A-BE39-C61C16F534CE}"
EndProject
Project("{9A19103F-16F7-4668-BE54-9A1E7A4F7556}") = "BlazorBase", "Blazor\BlazorBase\BlazorBase.csproj", "{B33C3A46-2D3B-4D56-9EDE-1990A0FC3089}"
EndProject
Project("{2150E333-8FDC-42A3-9474-1A3956D46DE8}") = "APM", "APM", "{E73D9C6D-983A-4D97-AD5D-D23A2C40B53F}"
EndProject
Project("{FAE04EC0-301F-11D3-BF4B-00C04F79EFBC}") = "APM.CoreWeb", "APM\APM.CoreWeb\APM.CoreWeb.csproj", "{6CDD343B-E852-4F4B-9E72-6B3CAC4DAF42}"
EndProject
Global
	GlobalSection(SolutionConfigurationPlatforms) = preSolution
		Debug|Any CPU = Debug|Any CPU
		Release|Any CPU = Release|Any CPU
	EndGlobalSection
	GlobalSection(ProjectConfigurationPlatforms) = postSolution
		{0F5A21C5-439D-41A7-9843-EEA9F5992BDF}.Debug|Any CPU.ActiveCfg = Debug|Any CPU
		{0F5A21C5-439D-41A7-9843-EEA9F5992BDF}.Debug|Any CPU.Build.0 = Debug|Any CPU
		{0F5A21C5-439D-41A7-9843-EEA9F5992BDF}.Release|Any CPU.ActiveCfg = Release|Any CPU
		{0F5A21C5-439D-41A7-9843-EEA9F5992BDF}.Release|Any CPU.Build.0 = Release|Any CPU
		{233CF12E-BC08-4814-AC15-8CB233EF229F}.Debug|Any CPU.ActiveCfg = Debug|Any CPU
		{233CF12E-BC08-4814-AC15-8CB233EF229F}.Debug|Any CPU.Build.0 = Debug|Any CPU
		{233CF12E-BC08-4814-AC15-8CB233EF229F}.Release|Any CPU.ActiveCfg = Release|Any CPU
		{233CF12E-BC08-4814-AC15-8CB233EF229F}.Release|Any CPU.Build.0 = Release|Any CPU
		{F89AC283-A05D-44FE-B8A3-C4D693A5E47F}.Debug|Any CPU.ActiveCfg = Debug|Any CPU
		{F89AC283-A05D-44FE-B8A3-C4D693A5E47F}.Debug|Any CPU.Build.0 = Debug|Any CPU
		{F89AC283-A05D-44FE-B8A3-C4D693A5E47F}.Release|Any CPU.ActiveCfg = Release|Any CPU
		{F89AC283-A05D-44FE-B8A3-C4D693A5E47F}.Release|Any CPU.Build.0 = Release|Any CPU
		{93297145-DB36-480A-916B-6B1CDFB6F9D8}.Debug|Any CPU.ActiveCfg = Debug|Any CPU
		{93297145-DB36-480A-916B-6B1CDFB6F9D8}.Debug|Any CPU.Build.0 = Debug|Any CPU
		{93297145-DB36-480A-916B-6B1CDFB6F9D8}.Release|Any CPU.ActiveCfg = Release|Any CPU
		{93297145-DB36-480A-916B-6B1CDFB6F9D8}.Release|Any CPU.Build.0 = Release|Any CPU
		{EEF1DCC2-507B-42CB-BF4D-B146A91B2A73}.Debug|Any CPU.ActiveCfg = Debug|Any CPU
		{EEF1DCC2-507B-42CB-BF4D-B146A91B2A73}.Debug|Any CPU.Build.0 = Debug|Any CPU
		{EEF1DCC2-507B-42CB-BF4D-B146A91B2A73}.Release|Any CPU.ActiveCfg = Release|Any CPU
		{EEF1DCC2-507B-42CB-BF4D-B146A91B2A73}.Release|Any CPU.Build.0 = Release|Any CPU
		{CF3C9805-8328-4C1F-98DD-62E47279A0F8}.Debug|Any CPU.ActiveCfg = Debug|Any CPU
		{CF3C9805-8328-4C1F-98DD-62E47279A0F8}.Debug|Any CPU.Build.0 = Debug|Any CPU
		{CF3C9805-8328-4C1F-98DD-62E47279A0F8}.Release|Any CPU.ActiveCfg = Release|Any CPU
		{CF3C9805-8328-4C1F-98DD-62E47279A0F8}.Release|Any CPU.Build.0 = Release|Any CPU
		{F806B149-E37A-43FD-9616-5BAA29850D12}.Debug|Any CPU.ActiveCfg = Debug|Any CPU
		{F806B149-E37A-43FD-9616-5BAA29850D12}.Debug|Any CPU.Build.0 = Debug|Any CPU
		{F806B149-E37A-43FD-9616-5BAA29850D12}.Release|Any CPU.ActiveCfg = Release|Any CPU
		{F806B149-E37A-43FD-9616-5BAA29850D12}.Release|Any CPU.Build.0 = Release|Any CPU
		{E9EFD480-7282-40EA-9A5F-29D3A33CEBB9}.Debug|Any CPU.ActiveCfg = Debug|Any CPU
		{E9EFD480-7282-40EA-9A5F-29D3A33CEBB9}.Debug|Any CPU.Build.0 = Debug|Any CPU
		{E9EFD480-7282-40EA-9A5F-29D3A33CEBB9}.Release|Any CPU.ActiveCfg = Release|Any CPU
		{E9EFD480-7282-40EA-9A5F-29D3A33CEBB9}.Release|Any CPU.Build.0 = Release|Any CPU
		{B00D6A7C-8D56-4C6F-BBF4-465925D6056B}.Debug|Any CPU.ActiveCfg = Debug|Any CPU
		{B00D6A7C-8D56-4C6F-BBF4-465925D6056B}.Debug|Any CPU.Build.0 = Debug|Any CPU
		{B00D6A7C-8D56-4C6F-BBF4-465925D6056B}.Release|Any CPU.ActiveCfg = Release|Any CPU
		{B00D6A7C-8D56-4C6F-BBF4-465925D6056B}.Release|Any CPU.Build.0 = Release|Any CPU
		{07607F5E-24A5-4DE5-847F-62C3FC4B7762}.Debug|Any CPU.ActiveCfg = Debug|Any CPU
		{07607F5E-24A5-4DE5-847F-62C3FC4B7762}.Debug|Any CPU.Build.0 = Debug|Any CPU
		{07607F5E-24A5-4DE5-847F-62C3FC4B7762}.Release|Any CPU.ActiveCfg = Release|Any CPU
		{07607F5E-24A5-4DE5-847F-62C3FC4B7762}.Release|Any CPU.Build.0 = Release|Any CPU
		{B4A608C2-3784-48CE-8B9C-4C036202758A}.Debug|Any CPU.ActiveCfg = Debug|Any CPU
		{B4A608C2-3784-48CE-8B9C-4C036202758A}.Debug|Any CPU.Build.0 = Debug|Any CPU
		{B4A608C2-3784-48CE-8B9C-4C036202758A}.Release|Any CPU.ActiveCfg = Release|Any CPU
		{B4A608C2-3784-48CE-8B9C-4C036202758A}.Release|Any CPU.Build.0 = Release|Any CPU
		{41A0EEA0-E9F6-4A29-8F60-3A09C1BE34DD}.Debug|Any CPU.ActiveCfg = Debug|Any CPU
		{41A0EEA0-E9F6-4A29-8F60-3A09C1BE34DD}.Debug|Any CPU.Build.0 = Debug|Any CPU
		{41A0EEA0-E9F6-4A29-8F60-3A09C1BE34DD}.Release|Any CPU.ActiveCfg = Release|Any CPU
		{41A0EEA0-E9F6-4A29-8F60-3A09C1BE34DD}.Release|Any CPU.Build.0 = Release|Any CPU
		{67F438B1-4ECA-4EB8-BAE3-E8B65B5D78E3}.Debug|Any CPU.ActiveCfg = Debug|Any CPU
		{67F438B1-4ECA-4EB8-BAE3-E8B65B5D78E3}.Debug|Any CPU.Build.0 = Debug|Any CPU
		{67F438B1-4ECA-4EB8-BAE3-E8B65B5D78E3}.Release|Any CPU.ActiveCfg = Release|Any CPU
		{67F438B1-4ECA-4EB8-BAE3-E8B65B5D78E3}.Release|Any CPU.Build.0 = Release|Any CPU
		{4DBEC75D-6470-4296-8EEC-AC5F2CB9535D}.Debug|Any CPU.ActiveCfg = Debug|Any CPU
		{4DBEC75D-6470-4296-8EEC-AC5F2CB9535D}.Debug|Any CPU.Build.0 = Debug|Any CPU
		{4DBEC75D-6470-4296-8EEC-AC5F2CB9535D}.Release|Any CPU.ActiveCfg = Release|Any CPU
		{4DBEC75D-6470-4296-8EEC-AC5F2CB9535D}.Release|Any CPU.Build.0 = Release|Any CPU
		{576D04B0-E2F3-4FC4-A4C4-6428888649BA}.Debug|Any CPU.ActiveCfg = Debug|Any CPU
		{576D04B0-E2F3-4FC4-A4C4-6428888649BA}.Debug|Any CPU.Build.0 = Debug|Any CPU
		{576D04B0-E2F3-4FC4-A4C4-6428888649BA}.Release|Any CPU.ActiveCfg = Release|Any CPU
		{576D04B0-E2F3-4FC4-A4C4-6428888649BA}.Release|Any CPU.Build.0 = Release|Any CPU
		{73064A49-EBCB-4506-96AD-DAF40157F225}.Debug|Any CPU.ActiveCfg = Debug|Any CPU
		{73064A49-EBCB-4506-96AD-DAF40157F225}.Debug|Any CPU.Build.0 = Debug|Any CPU
		{73064A49-EBCB-4506-96AD-DAF40157F225}.Release|Any CPU.ActiveCfg = Release|Any CPU
		{73064A49-EBCB-4506-96AD-DAF40157F225}.Release|Any CPU.Build.0 = Release|Any CPU
		{69465B71-1B29-42F2-BD0C-9549D5569CFD}.Debug|Any CPU.ActiveCfg = Debug|Any CPU
		{69465B71-1B29-42F2-BD0C-9549D5569CFD}.Debug|Any CPU.Build.0 = Debug|Any CPU
		{69465B71-1B29-42F2-BD0C-9549D5569CFD}.Release|Any CPU.ActiveCfg = Release|Any CPU
		{69465B71-1B29-42F2-BD0C-9549D5569CFD}.Release|Any CPU.Build.0 = Release|Any CPU
		{325AC0DC-B189-4299-982B-FE2A99B85BBC}.Debug|Any CPU.ActiveCfg = Debug|Any CPU
		{325AC0DC-B189-4299-982B-FE2A99B85BBC}.Debug|Any CPU.Build.0 = Debug|Any CPU
		{325AC0DC-B189-4299-982B-FE2A99B85BBC}.Release|Any CPU.ActiveCfg = Release|Any CPU
		{325AC0DC-B189-4299-982B-FE2A99B85BBC}.Release|Any CPU.Build.0 = Release|Any CPU
		{0BB8972E-8F6A-4E94-B0C6-464A90E7436B}.Debug|Any CPU.ActiveCfg = Debug|Any CPU
		{0BB8972E-8F6A-4E94-B0C6-464A90E7436B}.Debug|Any CPU.Build.0 = Debug|Any CPU
		{0BB8972E-8F6A-4E94-B0C6-464A90E7436B}.Release|Any CPU.ActiveCfg = Release|Any CPU
		{0BB8972E-8F6A-4E94-B0C6-464A90E7436B}.Release|Any CPU.Build.0 = Release|Any CPU
		{75C06D37-2F9D-47D6-B75A-31B124C99840}.Debug|Any CPU.ActiveCfg = Debug|Any CPU
		{75C06D37-2F9D-47D6-B75A-31B124C99840}.Debug|Any CPU.Build.0 = Debug|Any CPU
		{75C06D37-2F9D-47D6-B75A-31B124C99840}.Release|Any CPU.ActiveCfg = Release|Any CPU
		{75C06D37-2F9D-47D6-B75A-31B124C99840}.Release|Any CPU.Build.0 = Release|Any CPU
		{EAFBC7B8-3738-4E16-9491-DB95BFB8A6A9}.Debug|Any CPU.ActiveCfg = Debug|Any CPU
		{EAFBC7B8-3738-4E16-9491-DB95BFB8A6A9}.Debug|Any CPU.Build.0 = Debug|Any CPU
		{EAFBC7B8-3738-4E16-9491-DB95BFB8A6A9}.Release|Any CPU.ActiveCfg = Release|Any CPU
		{EAFBC7B8-3738-4E16-9491-DB95BFB8A6A9}.Release|Any CPU.Build.0 = Release|Any CPU
		{58F3D25A-6C50-4A01-A704-06024AAF410F}.Debug|Any CPU.ActiveCfg = Debug|Any CPU
		{58F3D25A-6C50-4A01-A704-06024AAF410F}.Debug|Any CPU.Build.0 = Debug|Any CPU
		{58F3D25A-6C50-4A01-A704-06024AAF410F}.Release|Any CPU.ActiveCfg = Release|Any CPU
		{58F3D25A-6C50-4A01-A704-06024AAF410F}.Release|Any CPU.Build.0 = Release|Any CPU
		{DA119184-DEA5-426D-906C-9B9F4195B8EA}.Debug|Any CPU.ActiveCfg = Debug|Any CPU
		{DA119184-DEA5-426D-906C-9B9F4195B8EA}.Debug|Any CPU.Build.0 = Debug|Any CPU
		{DA119184-DEA5-426D-906C-9B9F4195B8EA}.Release|Any CPU.ActiveCfg = Release|Any CPU
		{DA119184-DEA5-426D-906C-9B9F4195B8EA}.Release|Any CPU.Build.0 = Release|Any CPU
		{91B9A804-2094-4983-8C1B-7513B8199533}.Debug|Any CPU.ActiveCfg = Debug|Any CPU
		{91B9A804-2094-4983-8C1B-7513B8199533}.Debug|Any CPU.Build.0 = Debug|Any CPU
		{91B9A804-2094-4983-8C1B-7513B8199533}.Release|Any CPU.ActiveCfg = Release|Any CPU
		{91B9A804-2094-4983-8C1B-7513B8199533}.Release|Any CPU.Build.0 = Release|Any CPU
		{19BFBD4B-E964-489C-AB87-D97C1383520C}.Debug|Any CPU.ActiveCfg = Debug|Any CPU
		{19BFBD4B-E964-489C-AB87-D97C1383520C}.Debug|Any CPU.Build.0 = Debug|Any CPU
		{19BFBD4B-E964-489C-AB87-D97C1383520C}.Release|Any CPU.ActiveCfg = Release|Any CPU
		{19BFBD4B-E964-489C-AB87-D97C1383520C}.Release|Any CPU.Build.0 = Release|Any CPU
		{6A5E0F35-19CC-44B6-BA58-1335ACF9B284}.Debug|Any CPU.ActiveCfg = Debug|Any CPU
		{6A5E0F35-19CC-44B6-BA58-1335ACF9B284}.Debug|Any CPU.Build.0 = Debug|Any CPU
		{6A5E0F35-19CC-44B6-BA58-1335ACF9B284}.Release|Any CPU.ActiveCfg = Release|Any CPU
		{6A5E0F35-19CC-44B6-BA58-1335ACF9B284}.Release|Any CPU.Build.0 = Release|Any CPU
		{5FBD69D3-8301-4DC1-9FF9-B2DB83ED3963}.Debug|Any CPU.ActiveCfg = Debug|Any CPU
		{5FBD69D3-8301-4DC1-9FF9-B2DB83ED3963}.Debug|Any CPU.Build.0 = Debug|Any CPU
		{5FBD69D3-8301-4DC1-9FF9-B2DB83ED3963}.Release|Any CPU.ActiveCfg = Release|Any CPU
		{5FBD69D3-8301-4DC1-9FF9-B2DB83ED3963}.Release|Any CPU.Build.0 = Release|Any CPU
		{B33C3A46-2D3B-4D56-9EDE-1990A0FC3089}.Debug|Any CPU.ActiveCfg = Debug|Any CPU
		{B33C3A46-2D3B-4D56-9EDE-1990A0FC3089}.Debug|Any CPU.Build.0 = Debug|Any CPU
		{B33C3A46-2D3B-4D56-9EDE-1990A0FC3089}.Release|Any CPU.ActiveCfg = Release|Any CPU
		{B33C3A46-2D3B-4D56-9EDE-1990A0FC3089}.Release|Any CPU.Build.0 = Release|Any CPU
		{6CDD343B-E852-4F4B-9E72-6B3CAC4DAF42}.Debug|Any CPU.ActiveCfg = Debug|Any CPU
		{6CDD343B-E852-4F4B-9E72-6B3CAC4DAF42}.Debug|Any CPU.Build.0 = Debug|Any CPU
		{6CDD343B-E852-4F4B-9E72-6B3CAC4DAF42}.Release|Any CPU.ActiveCfg = Release|Any CPU
		{6CDD343B-E852-4F4B-9E72-6B3CAC4DAF42}.Release|Any CPU.Build.0 = Release|Any CPU
	EndGlobalSection
	GlobalSection(SolutionProperties) = preSolution
		HideSolutionNode = FALSE
	EndGlobalSection
	GlobalSection(NestedProjects) = preSolution
		{0F5A21C5-439D-41A7-9843-EEA9F5992BDF} = {806436F3-CA86-4881-98BD-3BB2EAF590F7}
		{233CF12E-BC08-4814-AC15-8CB233EF229F} = {806436F3-CA86-4881-98BD-3BB2EAF590F7}
		{F89AC283-A05D-44FE-B8A3-C4D693A5E47F} = {C054FEA2-D2C3-4A61-9DD5-977E03CC67F2}
		{93297145-DB36-480A-916B-6B1CDFB6F9D8} = {C054FEA2-D2C3-4A61-9DD5-977E03CC67F2}
		{EEF1DCC2-507B-42CB-BF4D-B146A91B2A73} = {C054FEA2-D2C3-4A61-9DD5-977E03CC67F2}
		{CF3C9805-8328-4C1F-98DD-62E47279A0F8} = {C054FEA2-D2C3-4A61-9DD5-977E03CC67F2}
		{F806B149-E37A-43FD-9616-5BAA29850D12} = {C054FEA2-D2C3-4A61-9DD5-977E03CC67F2}
		{E9EFD480-7282-40EA-9A5F-29D3A33CEBB9} = {C054FEA2-D2C3-4A61-9DD5-977E03CC67F2}
		{B00D6A7C-8D56-4C6F-BBF4-465925D6056B} = {C054FEA2-D2C3-4A61-9DD5-977E03CC67F2}
		{07607F5E-24A5-4DE5-847F-62C3FC4B7762} = {C054FEA2-D2C3-4A61-9DD5-977E03CC67F2}
		{B4A608C2-3784-48CE-8B9C-4C036202758A} = {C054FEA2-D2C3-4A61-9DD5-977E03CC67F2}
		{41A0EEA0-E9F6-4A29-8F60-3A09C1BE34DD} = {C054FEA2-D2C3-4A61-9DD5-977E03CC67F2}
		{67F438B1-4ECA-4EB8-BAE3-E8B65B5D78E3} = {C054FEA2-D2C3-4A61-9DD5-977E03CC67F2}
		{4DBEC75D-6470-4296-8EEC-AC5F2CB9535D} = {C054FEA2-D2C3-4A61-9DD5-977E03CC67F2}
		{576D04B0-E2F3-4FC4-A4C4-6428888649BA} = {C054FEA2-D2C3-4A61-9DD5-977E03CC67F2}
		{73064A49-EBCB-4506-96AD-DAF40157F225} = {C054FEA2-D2C3-4A61-9DD5-977E03CC67F2}
		{69465B71-1B29-42F2-BD0C-9549D5569CFD} = {C054FEA2-D2C3-4A61-9DD5-977E03CC67F2}
		{325AC0DC-B189-4299-982B-FE2A99B85BBC} = {C054FEA2-D2C3-4A61-9DD5-977E03CC67F2}
		{0BB8972E-8F6A-4E94-B0C6-464A90E7436B} = {82702F31-E48E-4064-8C1D-C96FD3053BB5}
		{75C06D37-2F9D-47D6-B75A-31B124C99840} = {82702F31-E48E-4064-8C1D-C96FD3053BB5}
		{EAFBC7B8-3738-4E16-9491-DB95BFB8A6A9} = {82702F31-E48E-4064-8C1D-C96FD3053BB5}
		{58F3D25A-6C50-4A01-A704-06024AAF410F} = {C054FEA2-D2C3-4A61-9DD5-977E03CC67F2}
		{DA119184-DEA5-426D-906C-9B9F4195B8EA} = {C054FEA2-D2C3-4A61-9DD5-977E03CC67F2}
		{91B9A804-2094-4983-8C1B-7513B8199533} = {82702F31-E48E-4064-8C1D-C96FD3053BB5}
		{19BFBD4B-E964-489C-AB87-D97C1383520C} = {82702F31-E48E-4064-8C1D-C96FD3053BB5}
		{6A5E0F35-19CC-44B6-BA58-1335ACF9B284} = {82702F31-E48E-4064-8C1D-C96FD3053BB5}
		{5FBD69D3-8301-4DC1-9FF9-B2DB83ED3963} = {2C011BDC-AF9F-4A0D-BB4B-3374B69637DA}
		{B33C3A46-2D3B-4D56-9EDE-1990A0FC3089} = {E246ACAF-0863-489A-BE39-C61C16F534CE}
		{6CDD343B-E852-4F4B-9E72-6B3CAC4DAF42} = {E73D9C6D-983A-4D97-AD5D-D23A2C40B53F}
	EndGlobalSection
	GlobalSection(ExtensibilityGlobals) = postSolution
		SolutionGuid = {C0360FED-D85C-4FF0-862F-A28D46A4F7CE}
	EndGlobalSection
EndGlobal
