
Microsoft Visual Studio Solution File, Format Version 12.00
# Visual Studio Version 16
VisualStudioVersion = 16.0.29102.190
MinimumVisualStudioVersion = 10.0.40219.1
Project("{9A19103F-16F7-4668-BE54-9A1E7A4F7556}") = "HavenLau.Consul.Server", "HavenLau.MicroServices\HavenLau.Consul.Server.csproj", "{0F5A21C5-439D-41A7-9843-EEA9F5992BDF}"
EndProject
Project("{2150E333-8FDC-42A3-9474-1A3956D46DE8}") = "Consul", "Consul", "{806436F3-CA86-4881-98BD-3BB2EAF590F7}"
EndProject
Project("{9A19103F-16F7-4668-BE54-9A1E7A4F7556}") = "HavenLau.Consul.Client", "HavenLau.Consul.Client\HavenLau.Consul.Client.csproj", "{233CF12E-BC08-4814-AC15-8CB233EF229F}"
EndProject
Project("{2150E333-8FDC-42A3-9474-1A3956D46DE8}") = "MQ", "MQ", "{C054FEA2-D2C3-4A61-9DD5-977E03CC67F2}"
	ProjectSection(SolutionItems) = preProject
		MQ\README.md = MQ\README.md
	EndProjectSection
EndProject
Project("{9A19103F-16F7-4668-BE54-9A1E7A4F7556}") = "Worker", "MQ\Worker\Worker.csproj", "{F89AC283-A05D-44FE-B8A3-C4D693A5E47F}"
EndProject
Project("{9A19103F-16F7-4668-BE54-9A1E7A4F7556}") = "EmitLog", "MQ\EmitLog\EmitLog.csproj", "{93297145-DB36-480A-916B-6B1CDFB6F9D8}"
EndProject
Project("{9A19103F-16F7-4668-BE54-9A1E7A4F7556}") = "EmitLogDirect", "MQ\EmitLogDirect\EmitLogDirect.csproj", "{EEF1DCC2-507B-42CB-BF4D-B146A91B2A73}"
EndProject
Project("{9A19103F-16F7-4668-BE54-9A1E7A4F7556}") = "EmitLogTopic", "MQ\EmitLogTopic\EmitLogTopic.csproj", "{CF3C9805-8328-4C1F-98DD-62E47279A0F8}"
EndProject
Project("{9A19103F-16F7-4668-BE54-9A1E7A4F7556}") = "NewTask", "MQ\NewTask\NewTask.csproj", "{F806B149-E37A-43FD-9616-5BAA29850D12}"
EndProject
Project("{9A19103F-16F7-4668-BE54-9A1E7A4F7556}") = "Receive", "MQ\Receive\Receive.csproj", "{E9EFD480-7282-40EA-9A5F-29D3A33CEBB9}"
EndProject
Project("{9A19103F-16F7-4668-BE54-9A1E7A4F7556}") = "ReceiveLogs", "MQ\ReceiveLogs\ReceiveLogs.csproj", "{B00D6A7C-8D56-4C6F-BBF4-465925D6056B}"
EndProject
Project("{9A19103F-16F7-4668-BE54-9A1E7A4F7556}") = "ReceiveLogsDirect", "MQ\ReceiveLogsDirect\ReceiveLogsDirect.csproj", "{07607F5E-24A5-4DE5-847F-62C3FC4B7762}"
EndProject
Project("{9A19103F-16F7-4668-BE54-9A1E7A4F7556}") = "ReceiveLogsTopic", "MQ\ReceiveLogsTopic\ReceiveLogsTopic.csproj", "{B4A608C2-3784-48CE-8B9C-4C036202758A}"
EndProject
Project("{9A19103F-16F7-4668-BE54-9A1E7A4F7556}") = "RPCClient", "MQ\RPCClient\RPCClient.csproj", "{41A0EEA0-E9F6-4A29-8F60-3A09C1BE34DD}"
EndProject
Project("{9A19103F-16F7-4668-BE54-9A1E7A4F7556}") = "RPCServer", "MQ\RPCServer\RPCServer.csproj", "{67F438B1-4ECA-4EB8-BAE3-E8B65B5D78E3}"
EndProject
Project("{9A19103F-16F7-4668-BE54-9A1E7A4F7556}") = "Send", "MQ\Send\Send.csproj", "{4DBEC75D-6470-4296-8EEC-AC5F2CB9535D}"
EndProject
Project("{FAE04EC0-301F-11D3-BF4B-00C04F79EFBC}") = "MQ.Base", "MQ\MessageQueue.Base\MQ.Base.csproj", "{576D04B0-E2F3-4FC4-A4C4-6428888649BA}"
EndProject
Project("{FAE04EC0-301F-11D3-BF4B-00C04F79EFBC}") = "MQ.Models", "MQ\MessageQueue.Models\MQ.Models.csproj", "{73064A49-EBCB-4506-96AD-DAF40157F225}"
EndProject
Project("{FAE04EC0-301F-11D3-BF4B-00C04F79EFBC}") = "MQ.Interfaces", "MessageQueue.Interfaces\MQ.Interfaces.csproj", "{69465B71-1B29-42F2-BD0C-9549D5569CFD}"
EndProject
Project("{FAE04EC0-301F-11D3-BF4B-00C04F79EFBC}") = "MQ.Client", "MQ\MQ.Client\MQ.Client.csproj", "{325AC0DC-B189-4299-982B-FE2A99B85BBC}"
EndProject
Global
	GlobalSection(SolutionConfigurationPlatforms) = preSolution
		Debug|Any CPU = Debug|Any CPU
		Release|Any CPU = Release|Any CPU
	EndGlobalSection
	GlobalSection(ProjectConfigurationPlatforms) = postSolution
		{0F5A21C5-439D-41A7-9843-EEA9F5992BDF}.Debug|Any CPU.ActiveCfg = Debug|Any CPU
		{0F5A21C5-439D-41A7-9843-EEA9F5992BDF}.Debug|Any CPU.Build.0 = Debug|Any CPU
		{0F5A21C5-439D-41A7-9843-EEA9F5992BDF}.Release|Any CPU.ActiveCfg = Release|Any CPU
		{0F5A21C5-439D-41A7-9843-EEA9F5992BDF}.Release|Any CPU.Build.0 = Release|Any CPU
		{233CF12E-BC08-4814-AC15-8CB233EF229F}.Debug|Any CPU.ActiveCfg = Debug|Any CPU
		{233CF12E-BC08-4814-AC15-8CB233EF229F}.Debug|Any CPU.Build.0 = Debug|Any CPU
		{233CF12E-BC08-4814-AC15-8CB233EF229F}.Release|Any CPU.ActiveCfg = Release|Any CPU
		{233CF12E-BC08-4814-AC15-8CB233EF229F}.Release|Any CPU.Build.0 = Release|Any CPU
		{F89AC283-A05D-44FE-B8A3-C4D693A5E47F}.Debug|Any CPU.ActiveCfg = Debug|Any CPU
		{F89AC283-A05D-44FE-B8A3-C4D693A5E47F}.Debug|Any CPU.Build.0 = Debug|Any CPU
		{F89AC283-A05D-44FE-B8A3-C4D693A5E47F}.Release|Any CPU.ActiveCfg = Release|Any CPU
		{F89AC283-A05D-44FE-B8A3-C4D693A5E47F}.Release|Any CPU.Build.0 = Release|Any CPU
		{93297145-DB36-480A-916B-6B1CDFB6F9D8}.Debug|Any CPU.ActiveCfg = Debug|Any CPU
		{93297145-DB36-480A-916B-6B1CDFB6F9D8}.Debug|Any CPU.Build.0 = Debug|Any CPU
		{93297145-DB36-480A-916B-6B1CDFB6F9D8}.Release|Any CPU.ActiveCfg = Release|Any CPU
		{93297145-DB36-480A-916B-6B1CDFB6F9D8}.Release|Any CPU.Build.0 = Release|Any CPU
		{EEF1DCC2-507B-42CB-BF4D-B146A91B2A73}.Debug|Any CPU.ActiveCfg = Debug|Any CPU
		{EEF1DCC2-507B-42CB-BF4D-B146A91B2A73}.Debug|Any CPU.Build.0 = Debug|Any CPU
		{EEF1DCC2-507B-42CB-BF4D-B146A91B2A73}.Release|Any CPU.ActiveCfg = Release|Any CPU
		{EEF1DCC2-507B-42CB-BF4D-B146A91B2A73}.Release|Any CPU.Build.0 = Release|Any CPU
		{CF3C9805-8328-4C1F-98DD-62E47279A0F8}.Debug|Any CPU.ActiveCfg = Debug|Any CPU
		{CF3C9805-8328-4C1F-98DD-62E47279A0F8}.Debug|Any CPU.Build.0 = Debug|Any CPU
		{CF3C9805-8328-4C1F-98DD-62E47279A0F8}.Release|Any CPU.ActiveCfg = Release|Any CPU
		{CF3C9805-8328-4C1F-98DD-62E47279A0F8}.Release|Any CPU.Build.0 = Release|Any CPU
		{F806B149-E37A-43FD-9616-5BAA29850D12}.Debug|Any CPU.ActiveCfg = Debug|Any CPU
		{F806B149-E37A-43FD-9616-5BAA29850D12}.Debug|Any CPU.Build.0 = Debug|Any CPU
		{F806B149-E37A-43FD-9616-5BAA29850D12}.Release|Any CPU.ActiveCfg = Release|Any CPU
		{F806B149-E37A-43FD-9616-5BAA29850D12}.Release|Any CPU.Build.0 = Release|Any CPU
		{E9EFD480-7282-40EA-9A5F-29D3A33CEBB9}.Debug|Any CPU.ActiveCfg = Debug|Any CPU
		{E9EFD480-7282-40EA-9A5F-29D3A33CEBB9}.Debug|Any CPU.Build.0 = Debug|Any CPU
		{E9EFD480-7282-40EA-9A5F-29D3A33CEBB9}.Release|Any CPU.ActiveCfg = Release|Any CPU
		{E9EFD480-7282-40EA-9A5F-29D3A33CEBB9}.Release|Any CPU.Build.0 = Release|Any CPU
		{B00D6A7C-8D56-4C6F-BBF4-465925D6056B}.Debug|Any CPU.ActiveCfg = Debug|Any CPU
		{B00D6A7C-8D56-4C6F-BBF4-465925D6056B}.Debug|Any CPU.Build.0 = Debug|Any CPU
		{B00D6A7C-8D56-4C6F-BBF4-465925D6056B}.Release|Any CPU.ActiveCfg = Release|Any CPU
		{B00D6A7C-8D56-4C6F-BBF4-465925D6056B}.Release|Any CPU.Build.0 = Release|Any CPU
		{07607F5E-24A5-4DE5-847F-62C3FC4B7762}.Debug|Any CPU.ActiveCfg = Debug|Any CPU
		{07607F5E-24A5-4DE5-847F-62C3FC4B7762}.Debug|Any CPU.Build.0 = Debug|Any CPU
		{07607F5E-24A5-4DE5-847F-62C3FC4B7762}.Release|Any CPU.ActiveCfg = Release|Any CPU
		{07607F5E-24A5-4DE5-847F-62C3FC4B7762}.Release|Any CPU.Build.0 = Release|Any CPU
		{B4A608C2-3784-48CE-8B9C-4C036202758A}.Debug|Any CPU.ActiveCfg = Debug|Any CPU
		{B4A608C2-3784-48CE-8B9C-4C036202758A}.Debug|Any CPU.Build.0 = Debug|Any CPU
		{B4A608C2-3784-48CE-8B9C-4C036202758A}.Release|Any CPU.ActiveCfg = Release|Any CPU
		{B4A608C2-3784-48CE-8B9C-4C036202758A}.Release|Any CPU.Build.0 = Release|Any CPU
		{41A0EEA0-E9F6-4A29-8F60-3A09C1BE34DD}.Debug|Any CPU.ActiveCfg = Debug|Any CPU
		{41A0EEA0-E9F6-4A29-8F60-3A09C1BE34DD}.Debug|Any CPU.Build.0 = Debug|Any CPU
		{41A0EEA0-E9F6-4A29-8F60-3A09C1BE34DD}.Release|Any CPU.ActiveCfg = Release|Any CPU
		{41A0EEA0-E9F6-4A29-8F60-3A09C1BE34DD}.Release|Any CPU.Build.0 = Release|Any CPU
		{67F438B1-4ECA-4EB8-BAE3-E8B65B5D78E3}.Debug|Any CPU.ActiveCfg = Debug|Any CPU
		{67F438B1-4ECA-4EB8-BAE3-E8B65B5D78E3}.Debug|Any CPU.Build.0 = Debug|Any CPU
		{67F438B1-4ECA-4EB8-BAE3-E8B65B5D78E3}.Release|Any CPU.ActiveCfg = Release|Any CPU
		{67F438B1-4ECA-4EB8-BAE3-E8B65B5D78E3}.Release|Any CPU.Build.0 = Release|Any CPU
		{4DBEC75D-6470-4296-8EEC-AC5F2CB9535D}.Debug|Any CPU.ActiveCfg = Debug|Any CPU
		{4DBEC75D-6470-4296-8EEC-AC5F2CB9535D}.Debug|Any CPU.Build.0 = Debug|Any CPU
		{4DBEC75D-6470-4296-8EEC-AC5F2CB9535D}.Release|Any CPU.ActiveCfg = Release|Any CPU
		{4DBEC75D-6470-4296-8EEC-AC5F2CB9535D}.Release|Any CPU.Build.0 = Release|Any CPU
		{576D04B0-E2F3-4FC4-A4C4-6428888649BA}.Debug|Any CPU.ActiveCfg = Debug|Any CPU
		{576D04B0-E2F3-4FC4-A4C4-6428888649BA}.Debug|Any CPU.Build.0 = Debug|Any CPU
		{576D04B0-E2F3-4FC4-A4C4-6428888649BA}.Release|Any CPU.ActiveCfg = Release|Any CPU
		{576D04B0-E2F3-4FC4-A4C4-6428888649BA}.Release|Any CPU.Build.0 = Release|Any CPU
		{73064A49-EBCB-4506-96AD-DAF40157F225}.Debug|Any CPU.ActiveCfg = Debug|Any CPU
		{73064A49-EBCB-4506-96AD-DAF40157F225}.Debug|Any CPU.Build.0 = Debug|Any CPU
		{73064A49-EBCB-4506-96AD-DAF40157F225}.Release|Any CPU.ActiveCfg = Release|Any CPU
		{73064A49-EBCB-4506-96AD-DAF40157F225}.Release|Any CPU.Build.0 = Release|Any CPU
		{69465B71-1B29-42F2-BD0C-9549D5569CFD}.Debug|Any CPU.ActiveCfg = Debug|Any CPU
		{69465B71-1B29-42F2-BD0C-9549D5569CFD}.Debug|Any CPU.Build.0 = Debug|Any CPU
		{69465B71-1B29-42F2-BD0C-9549D5569CFD}.Release|Any CPU.ActiveCfg = Release|Any CPU
		{69465B71-1B29-42F2-BD0C-9549D5569CFD}.Release|Any CPU.Build.0 = Release|Any CPU
		{325AC0DC-B189-4299-982B-FE2A99B85BBC}.Debug|Any CPU.ActiveCfg = Debug|Any CPU
		{325AC0DC-B189-4299-982B-FE2A99B85BBC}.Debug|Any CPU.Build.0 = Debug|Any CPU
		{325AC0DC-B189-4299-982B-FE2A99B85BBC}.Release|Any CPU.ActiveCfg = Release|Any CPU
		{325AC0DC-B189-4299-982B-FE2A99B85BBC}.Release|Any CPU.Build.0 = Release|Any CPU
	EndGlobalSection
	GlobalSection(SolutionProperties) = preSolution
		HideSolutionNode = FALSE
	EndGlobalSection
	GlobalSection(NestedProjects) = preSolution
		{0F5A21C5-439D-41A7-9843-EEA9F5992BDF} = {806436F3-CA86-4881-98BD-3BB2EAF590F7}
		{233CF12E-BC08-4814-AC15-8CB233EF229F} = {806436F3-CA86-4881-98BD-3BB2EAF590F7}
		{F89AC283-A05D-44FE-B8A3-C4D693A5E47F} = {C054FEA2-D2C3-4A61-9DD5-977E03CC67F2}
		{93297145-DB36-480A-916B-6B1CDFB6F9D8} = {C054FEA2-D2C3-4A61-9DD5-977E03CC67F2}
		{EEF1DCC2-507B-42CB-BF4D-B146A91B2A73} = {C054FEA2-D2C3-4A61-9DD5-977E03CC67F2}
		{CF3C9805-8328-4C1F-98DD-62E47279A0F8} = {C054FEA2-D2C3-4A61-9DD5-977E03CC67F2}
		{F806B149-E37A-43FD-9616-5BAA29850D12} = {C054FEA2-D2C3-4A61-9DD5-977E03CC67F2}
		{E9EFD480-7282-40EA-9A5F-29D3A33CEBB9} = {C054FEA2-D2C3-4A61-9DD5-977E03CC67F2}
		{B00D6A7C-8D56-4C6F-BBF4-465925D6056B} = {C054FEA2-D2C3-4A61-9DD5-977E03CC67F2}
		{07607F5E-24A5-4DE5-847F-62C3FC4B7762} = {C054FEA2-D2C3-4A61-9DD5-977E03CC67F2}
		{B4A608C2-3784-48CE-8B9C-4C036202758A} = {C054FEA2-D2C3-4A61-9DD5-977E03CC67F2}
		{41A0EEA0-E9F6-4A29-8F60-3A09C1BE34DD} = {C054FEA2-D2C3-4A61-9DD5-977E03CC67F2}
		{67F438B1-4ECA-4EB8-BAE3-E8B65B5D78E3} = {C054FEA2-D2C3-4A61-9DD5-977E03CC67F2}
		{4DBEC75D-6470-4296-8EEC-AC5F2CB9535D} = {C054FEA2-D2C3-4A61-9DD5-977E03CC67F2}
		{576D04B0-E2F3-4FC4-A4C4-6428888649BA} = {C054FEA2-D2C3-4A61-9DD5-977E03CC67F2}
		{73064A49-EBCB-4506-96AD-DAF40157F225} = {C054FEA2-D2C3-4A61-9DD5-977E03CC67F2}
		{69465B71-1B29-42F2-BD0C-9549D5569CFD} = {C054FEA2-D2C3-4A61-9DD5-977E03CC67F2}
		{325AC0DC-B189-4299-982B-FE2A99B85BBC} = {C054FEA2-D2C3-4A61-9DD5-977E03CC67F2}
	EndGlobalSection
	GlobalSection(ExtensibilityGlobals) = postSolution
		SolutionGuid = {C0360FED-D85C-4FF0-862F-A28D46A4F7CE}
	EndGlobalSection
EndGlobal
